// !$*UTF8*$!
{
	archiveVersion = 1;
	classes = {
	};
	objectVersion = 46;
	objects = {

/* Begin PBXBuildFile section */
		3F745AFB1F793F3A00C5441B /* AppDelegate.swift in Sources */ = {isa = PBXBuildFile; fileRef = 3F745AFA1F793F3A00C5441B /* AppDelegate.swift */; };
		3F745AFD1F793F3A00C5441B /* ViewController.swift in Sources */ = {isa = PBXBuildFile; fileRef = 3F745AFC1F793F3A00C5441B /* ViewController.swift */; };
		3F745B001F793F3A00C5441B /* Main.storyboard in Resources */ = {isa = PBXBuildFile; fileRef = 3F745AFE1F793F3A00C5441B /* Main.storyboard */; };
		3F745B021F793F3A00C5441B /* Assets.xcassets in Resources */ = {isa = PBXBuildFile; fileRef = 3F745B011F793F3A00C5441B /* Assets.xcassets */; };
		3F745B051F793F3A00C5441B /* LaunchScreen.storyboard in Resources */ = {isa = PBXBuildFile; fileRef = 3F745B031F793F3A00C5441B /* LaunchScreen.storyboard */; };
		3F745B101F793F3A00C5441B /* math_LearnTests.swift in Sources */ = {isa = PBXBuildFile; fileRef = 3F745B0F1F793F3A00C5441B /* math_LearnTests.swift */; };
		3F745B1B1F793F3A00C5441B /* math_LearnUITests.swift in Sources */ = {isa = PBXBuildFile; fileRef = 3F745B1A1F793F3A00C5441B /* math_LearnUITests.swift */; };
/* End PBXBuildFile section */

/* Begin PBXContainerItemProxy section */
		3F745B0C1F793F3A00C5441B /* PBXContainerItemProxy */ = {
			isa = PBXContainerItemProxy;
			containerPortal = 3F745AEF1F793F3900C5441B /* Project object */;
			proxyType = 1;
			remoteGlobalIDString = 3F745AF61F793F3900C5441B;
			remoteInfo = math.Learn;
		};
		3F745B171F793F3A00C5441B /* PBXContainerItemProxy */ = {
			isa = PBXContainerItemProxy;
			containerPortal = 3F745AEF1F793F3900C5441B /* Project object */;
			proxyType = 1;
			remoteGlobalIDString = 3F745AF61F793F3900C5441B;
			remoteInfo = math.Learn;
		};
/* End PBXContainerItemProxy section */

/* Begin PBXFileReference section */
		3F2BFF8F1F8CFBC4006F0FAC /* MyPlayground_math.learn.playground */ = {isa = PBXFileReference; lastKnownFileType = file.playground; path = MyPlayground_math.learn.playground; sourceTree = "<group>"; };
		3F745AF71F793F3A00C5441B /* math.Learn.app */ = {isa = PBXFileReference; explicitFileType = wrapper.application; includeInIndex = 0; path = math.Learn.app; sourceTree = BUILT_PRODUCTS_DIR; };
		3F745AFA1F793F3A00C5441B /* AppDelegate.swift */ = {isa = PBXFileReference; lastKnownFileType = sourcecode.swift; path = AppDelegate.swift; sourceTree = "<group>"; };
		3F745AFC1F793F3A00C5441B /* ViewController.swift */ = {isa = PBXFileReference; lastKnownFileType = sourcecode.swift; path = ViewController.swift; sourceTree = "<group>"; };
		3F745AFF1F793F3A00C5441B /* Base */ = {isa = PBXFileReference; lastKnownFileType = file.storyboard; name = Base; path = Base.lproj/Main.storyboard; sourceTree = "<group>"; };
		3F745B011F793F3A00C5441B /* Assets.xcassets */ = {isa = PBXFileReference; lastKnownFileType = folder.assetcatalog; path = Assets.xcassets; sourceTree = "<group>"; };
		3F745B041F793F3A00C5441B /* Base */ = {isa = PBXFileReference; lastKnownFileType = file.storyboard; name = Base; path = Base.lproj/LaunchScreen.storyboard; sourceTree = "<group>"; };
		3F745B061F793F3A00C5441B /* Info.plist */ = {isa = PBXFileReference; lastKnownFileType = text.plist.xml; path = Info.plist; sourceTree = "<group>"; };
		3F745B0B1F793F3A00C5441B /* math.LearnTests.xctest */ = {isa = PBXFileReference; explicitFileType = wrapper.cfbundle; includeInIndex = 0; path = math.LearnTests.xctest; sourceTree = BUILT_PRODUCTS_DIR; };
		3F745B0F1F793F3A00C5441B /* math_LearnTests.swift */ = {isa = PBXFileReference; lastKnownFileType = sourcecode.swift; path = math_LearnTests.swift; sourceTree = "<group>"; };
		3F745B111F793F3A00C5441B /* Info.plist */ = {isa = PBXFileReference; lastKnownFileType = text.plist.xml; path = Info.plist; sourceTree = "<group>"; };
		3F745B161F793F3A00C5441B /* math.LearnUITests.xctest */ = {isa = PBXFileReference; explicitFileType = wrapper.cfbundle; includeInIndex = 0; path = math.LearnUITests.xctest; sourceTree = BUILT_PRODUCTS_DIR; };
		3F745B1A1F793F3A00C5441B /* math_LearnUITests.swift */ = {isa = PBXFileReference; lastKnownFileType = sourcecode.swift; path = math_LearnUITests.swift; sourceTree = "<group>"; };
		3F745B1C1F793F3A00C5441B /* Info.plist */ = {isa = PBXFileReference; lastKnownFileType = text.plist.xml; path = Info.plist; sourceTree = "<group>"; };
/* End PBXFileReference section */

/* Begin PBXFrameworksBuildPhase section */
		3F745AF41F793F3900C5441B /* Frameworks */ = {
			isa = PBXFrameworksBuildPhase;
			buildActionMask = 2147483647;
			files = (
			);
			runOnlyForDeploymentPostprocessing = 0;
		};
		3F745B081F793F3A00C5441B /* Frameworks */ = {
			isa = PBXFrameworksBuildPhase;
			buildActionMask = 2147483647;
			files = (
			);
			runOnlyForDeploymentPostprocessing = 0;
		};
		3F745B131F793F3A00C5441B /* Frameworks */ = {
			isa = PBXFrameworksBuildPhase;
			buildActionMask = 2147483647;
			files = (
			);
			runOnlyForDeploymentPostprocessing = 0;
		};
/* End PBXFrameworksBuildPhase section */

/* Begin PBXGroup section */
		3F745AEE1F793F3900C5441B = {
			isa = PBXGroup;
			children = (
				3F745AF91F793F3A00C5441B /* math.Learn */,
				3F745B0E1F793F3A00C5441B /* math.LearnTests */,
				3F745B191F793F3A00C5441B /* math.LearnUITests */,
				3F745AF81F793F3A00C5441B /* Products */,
			);
			sourceTree = "<group>";
		};
		3F745AF81F793F3A00C5441B /* Products */ = {
			isa = PBXGroup;
			children = (
				3F745AF71F793F3A00C5441B /* math.Learn.app */,
				3F745B0B1F793F3A00C5441B /* math.LearnTests.xctest */,
				3F745B161F793F3A00C5441B /* math.LearnUITests.xctest */,
			);
			name = Products;
			sourceTree = "<group>";
		};
		3F745AF91F793F3A00C5441B /* math.Learn */ = {
			isa = PBXGroup;
			children = (
				3F745AFA1F793F3A00C5441B /* AppDelegate.swift */,
				3F745AFC1F793F3A00C5441B /* ViewController.swift */,
				3F745AFE1F793F3A00C5441B /* Main.storyboard */,
				3F2BFF8F1F8CFBC4006F0FAC /* MyPlayground_math.learn.playground */,
				3F745B011F793F3A00C5441B /* Assets.xcassets */,
				3F745B031F793F3A00C5441B /* LaunchScreen.storyboard */,
				3F745B061F793F3A00C5441B /* Info.plist */,
			);
			path = math.Learn;
			sourceTree = "<group>";
		};
		3F745B0E1F793F3A00C5441B /* math.LearnTests */ = {
			isa = PBXGroup;
			children = (
				3F745B0F1F793F3A00C5441B /* math_LearnTests.swift */,
				3F745B111F793F3A00C5441B /* Info.plist */,
			);
			path = math.LearnTests;
			sourceTree = "<group>";
		};
		3F745B191F793F3A00C5441B /* math.LearnUITests */ = {
			isa = PBXGroup;
			children = (
				3F745B1A1F793F3A00C5441B /* math_LearnUITests.swift */,
				3F745B1C1F793F3A00C5441B /* Info.plist */,
			);
			path = math.LearnUITests;
			sourceTree = "<group>";
		};
/* End PBXGroup section */

/* Begin PBXNativeTarget section */
		3F745AF61F793F3900C5441B /* math.Learn */ = {
			isa = PBXNativeTarget;
			buildConfigurationList = 3F745B1F1F793F3A00C5441B /* Build configuration list for PBXNativeTarget "math.Learn" */;
			buildPhases = (
				3F745AF31F793F3900C5441B /* Sources */,
				3F745AF41F793F3900C5441B /* Frameworks */,
				3F745AF51F793F3900C5441B /* Resources */,
			);
			buildRules = (
			);
			dependencies = (
			);
			name = math.Learn;
			productName = math.Learn;
			productReference = 3F745AF71F793F3A00C5441B /* math.Learn.app */;
			productType = "com.apple.product-type.application";
		};
		3F745B0A1F793F3A00C5441B /* math.LearnTests */ = {
			isa = PBXNativeTarget;
			buildConfigurationList = 3F745B221F793F3A00C5441B /* Build configuration list for PBXNativeTarget "math.LearnTests" */;
			buildPhases = (
				3F745B071F793F3A00C5441B /* Sources */,
				3F745B081F793F3A00C5441B /* Frameworks */,
				3F745B091F793F3A00C5441B /* Resources */,
			);
			buildRules = (
			);
			dependencies = (
				3F745B0D1F793F3A00C5441B /* PBXTargetDependency */,
			);
			name = math.LearnTests;
			productName = math.LearnTests;
			productReference = 3F745B0B1F793F3A00C5441B /* math.LearnTests.xctest */;
			productType = "com.apple.product-type.bundle.unit-test";
		};
		3F745B151F793F3A00C5441B /* math.LearnUITests */ = {
			isa = PBXNativeTarget;
			buildConfigurationList = 3F745B251F793F3A00C5441B /* Build configuration list for PBXNativeTarget "math.LearnUITests" */;
			buildPhases = (
				3F745B121F793F3A00C5441B /* Sources */,
				3F745B131F793F3A00C5441B /* Frameworks */,
				3F745B141F793F3A00C5441B /* Resources */,
			);
			buildRules = (
			);
			dependencies = (
				3F745B181F793F3A00C5441B /* PBXTargetDependency */,
			);
			name = math.LearnUITests;
			productName = math.LearnUITests;
			productReference = 3F745B161F793F3A00C5441B /* math.LearnUITests.xctest */;
			productType = "com.apple.product-type.bundle.ui-testing";
		};
/* End PBXNativeTarget section */

/* Begin PBXProject section */
		3F745AEF1F793F3900C5441B /* Project object */ = {
			isa = PBXProject;
			attributes = {
				LastSwiftUpdateCheck = 0820;
				LastUpgradeCheck = 0820;
				ORGANIZATIONNAME = "Nolan Byron";
				TargetAttributes = {
					3F745AF61F793F3900C5441B = {
						CreatedOnToolsVersion = 8.2.1;
						ProvisioningStyle = Automatic;
					};
					3F745B0A1F793F3A00C5441B = {
						CreatedOnToolsVersion = 8.2.1;
						ProvisioningStyle = Automatic;
						TestTargetID = 3F745AF61F793F3900C5441B;
					};
					3F745B151F793F3A00C5441B = {
						CreatedOnToolsVersion = 8.2.1;
						ProvisioningStyle = Automatic;
						TestTargetID = 3F745AF61F793F3900C5441B;
					};
				};
			};
			buildConfigurationList = 3F745AF21F793F3900C5441B /* Build configuration list for PBXProject "math.Learn" */;
			compatibilityVersion = "Xcode 3.2";
			developmentRegion = English;
			hasScannedForEncodings = 0;
			knownRegions = (
				en,
				Base,
			);
			mainGroup = 3F745AEE1F793F3900C5441B;
			productRefGroup = 3F745AF81F793F3A00C5441B /* Products */;
			projectDirPath = "";
			projectRoot = "";
			targets = (
				3F745AF61F793F3900C5441B /* math.Learn */,
				3F745B0A1F793F3A00C5441B /* math.LearnTests */,
				3F745B151F793F3A00C5441B /* math.LearnUITests */,
			);
		};
/* End PBXProject section */

/* Begin PBXResourcesBuildPhase section */
		3F745AF51F793F3900C5441B /* Resources */ = {
			isa = PBXResourcesBuildPhase;
			buildActionMask = 2147483647;
			files = (
				3F745B051F793F3A00C5441B /* LaunchScreen.storyboard in Resources */,
				3F745B021F793F3A00C5441B /* Assets.xcassets in Resources */,
				3F745B001F793F3A00C5441B /* Main.storyboard in Resources */,
			);
			runOnlyForDeploymentPostprocessing = 0;
		};
		3F745B091F793F3A00C5441B /* Resources */ = {
			isa = PBXResourcesBuildPhase;
			buildActionMask = 2147483647;
			files = (
			);
			runOnlyForDeploymentPostprocessing = 0;
		};
		3F745B141F793F3A00C5441B /* Resources */ = {
			isa = PBXResourcesBuildPhase;
			buildActionMask = 2147483647;
			files = (
			);
			runOnlyForDeploymentPostprocessing = 0;
		};
/* End PBXResourcesBuildPhase section */

/* Begin PBXSourcesBuildPhase section */
		3F745AF31F793F3900C5441B /* Sources */ = {
			isa = PBXSourcesBuildPhase;
			buildActionMask = 2147483647;
			files = (
				3F745AFD1F793F3A00C5441B /* ViewController.swift in Sources */,
				3F745AFB1F793F3A00C5441B /* AppDelegate.swift in Sources */,
			);
			runOnlyForDeploymentPostprocessing = 0;
		};
		3F745B071F793F3A00C5441B /* Sources */ = {
			isa = PBXSourcesBuildPhase;
			buildActionMask = 2147483647;
			files = (
				3F745B101F793F3A00C5441B /* math_LearnTests.swift in Sources */,
			);
			runOnlyForDeploymentPostprocessing = 0;
		};
		3F745B121F793F3A00C5441B /* Sources */ = {
			isa = PBXSourcesBuildPhase;
			buildActionMask = 2147483647;
			files = (
				3F745B1B1F793F3A00C5441B /* math_LearnUITests.swift in Sources */,
			);
			runOnlyForDeploymentPostprocessing = 0;
		};
/* End PBXSourcesBuildPhase section */

/* Begin PBXTargetDependency section */
		3F745B0D1F793F3A00C5441B /* PBXTargetDependency */ = {
			isa = PBXTargetDependency;
			target = 3F745AF61F793F3900C5441B /* math.Learn */;
			targetProxy = 3F745B0C1F793F3A00C5441B /* PBXContainerItemProxy */;
		};
		3F745B181F793F3A00C5441B /* PBXTargetDependency */ = {
			isa = PBXTargetDependency;
			target = 3F745AF61F793F3900C5441B /* math.Learn */;
			targetProxy = 3F745B171F793F3A00C5441B /* PBXContainerItemProxy */;
		};
/* End PBXTargetDependency section */

/* Begin PBXVariantGroup section */
		3F745AFE1F793F3A00C5441B /* Main.storyboard */ = {
			isa = PBXVariantGroup;
			children = (
				3F745AFF1F793F3A00C5441B /* Base */,
			);
			name = Main.storyboard;
			sourceTree = "<group>";
		};
		3F745B031F793F3A00C5441B /* LaunchScreen.storyboard */ = {
			isa = PBXVariantGroup;
			children = (
				3F745B041F793F3A00C5441B /* Base */,
			);
			name = LaunchScreen.storyboard;
			sourceTree = "<group>";
		};
/* End PBXVariantGroup section */

/* Begin XCBuildConfiguration section */
		3F745B1D1F793F3A00C5441B /* Debug */ = {
			isa = XCBuildConfiguration;
			buildSettings = {
				ALWAYS_SEARCH_USER_PATHS = NO;
				CLANG_ANALYZER_NONNULL = YES;
				CLANG_CXX_LANGUAGE_STANDARD = "gnu++0x";
				CLANG_CXX_LIBRARY = "libc++";
				CLANG_ENABLE_MODULES = YES;
				CLANG_ENABLE_OBJC_ARC = YES;
				CLANG_WARN_BOOL_CONVERSION = YES;
				CLANG_WARN_CONSTANT_CONVERSION = YES;
				CLANG_WARN_DIRECT_OBJC_ISA_USAGE = YES_ERROR;
				CLANG_WARN_DOCUMENTATION_COMMENTS = YES;
				CLANG_WARN_EMPTY_BODY = YES;
				CLANG_WARN_ENUM_CONVERSION = YES;
				CLANG_WARN_INFINITE_RECURSION = YES;
				CLANG_WARN_INT_CONVERSION = YES;
				CLANG_WARN_OBJC_ROOT_CLASS = YES_ERROR;
				CLANG_WARN_SUSPICIOUS_MOVE = YES;
				CLANG_WARN_UNREACHABLE_CODE = YES;
				CLANG_WARN__DUPLICATE_METHOD_MATCH = YES;
				"CODE_SIGN_IDENTITY[sdk=iphoneos*]" = "iPhone Developer";
				COPY_PHASE_STRIP = NO;
				DEBUG_INFORMATION_FORMAT = dwarf;
				ENABLE_STRICT_OBJC_MSGSEND = YES;
				ENABLE_TESTABILITY = YES;
				GCC_C_LANGUAGE_STANDARD = gnu99;
				GCC_DYNAMIC_NO_PIC = NO;
				GCC_NO_COMMON_BLOCKS = YES;
				GCC_OPTIMIZATION_LEVEL = 0;
				GCC_PREPROCESSOR_DEFINITIONS = (
					"DEBUG=1",
					"$(inherited)",
				);
				GCC_WARN_64_TO_32_BIT_CONVERSION = YES;
				GCC_WARN_ABOUT_RETURN_TYPE = YES_ERROR;
				GCC_WARN_UNDECLARED_SELECTOR = YES;
				GCC_WARN_UNINITIALIZED_AUTOS = YES_AGGRESSIVE;
				GCC_WARN_UNUSED_FUNCTION = YES;
				GCC_WARN_UNUSED_VARIABLE = YES;
				IPHONEOS_DEPLOYMENT_TARGET = 10.2;
				MTL_ENABLE_DEBUG_INFO = YES;
				ONLY_ACTIVE_ARCH = YES;
				SDKROOT = iphoneos;
				SWIFT_ACTIVE_COMPILATION_CONDITIONS = DEBUG;
				SWIFT_OPTIMIZATION_LEVEL = "-Onone";
				TARGETED_DEVICE_FAMILY = "1,2";
			};
			name = Debug;
		};
		3F745B1E1F793F3A00C5441B /* Release */ = {
			isa = XCBuildConfiguration;
			buildSettings = {
				ALWAYS_SEARCH_USER_PATHS = NO;
				CLANG_ANALYZER_NONNULL = YES;
				CLANG_CXX_LANGUAGE_STANDARD = "gnu++0x";
				CLANG_CXX_LIBRARY = "libc++";
				CLANG_ENABLE_MODULES = YES;
				CLANG_ENABLE_OBJC_ARC = YES;
				CLANG_WARN_BOOL_CONVERSION = YES;
				CLANG_WARN_CONSTANT_CONVERSION = YES;
				CLANG_WARN_DIRECT_OBJC_ISA_USAGE = YES_ERROR;
				CLANG_WARN_DOCUMENTATION_COMMENTS = YES;
				CLANG_WARN_EMPTY_BODY = YES;
				CLANG_WARN_ENUM_CONVERSION = YES;
				CLANG_WARN_INFINITE_RECURSION = YES;
				CLANG_WARN_INT_CONVERSION = YES;
				CLANG_WARN_OBJC_ROOT_CLASS = YES_ERROR;
				CLANG_WARN_SUSPICIOUS_MOVE = YES;
				CLANG_WARN_UNREACHABLE_CODE = YES;
				CLANG_WARN__DUPLICATE_METHOD_MATCH = YES;
				"CODE_SIGN_IDENTITY[sdk=iphoneos*]" = "iPhone Developer";
				COPY_PHASE_STRIP = NO;
				DEBUG_INFORMATION_FORMAT = "dwarf-with-dsym";
				ENABLE_NS_ASSERTIONS = NO;
				ENABLE_STRICT_OBJC_MSGSEND = YES;
				GCC_C_LANGUAGE_STANDARD = gnu99;
				GCC_NO_COMMON_BLOCKS = YES;
				GCC_WARN_64_TO_32_BIT_CONVERSION = YES;
				GCC_WARN_ABOUT_RETURN_TYPE = YES_ERROR;
				GCC_WARN_UNDECLARED_SELECTOR = YES;
				GCC_WARN_UNINITIALIZED_AUTOS = YES_AGGRESSIVE;
				GCC_WARN_UNUSED_FUNCTION = YES;
				GCC_WARN_UNUSED_VARIABLE = YES;
				IPHONEOS_DEPLOYMENT_TARGET = 10.2;
				MTL_ENABLE_DEBUG_INFO = NO;
				SDKROOT = iphoneos;
				SWIFT_OPTIMIZATION_LEVEL = "-Owholemodule";
				TARGETED_DEVICE_FAMILY = "1,2";
				VALIDATE_PRODUCT = YES;
			};
			name = Release;
		};
		3F745B201F793F3A00C5441B /* Debug */ = {
			isa = XCBuildConfiguration;
			buildSettings = {
				ASSETCATALOG_COMPILER_APPICON_NAME = AppIcon;
				INFOPLIST_FILE = math.Learn/Info.plist;
				LD_RUNPATH_SEARCH_PATHS = "$(inherited) @executable_path/Frameworks";
				PRODUCT_BUNDLE_IDENTIFIER = "Nolan-Gus.INC..math-Learn";
				PRODUCT_NAME = "$(TARGET_NAME)";
				SWIFT_VERSION = 3.0;
			};
			name = Debug;
		};
		3F745B211F793F3A00C5441B /* Release */ = {
			isa = XCBuildConfiguration;
			buildSettings = {
				ASSETCATALOG_COMPILER_APPICON_NAME = AppIcon;
				INFOPLIST_FILE = math.Learn/Info.plist;
				LD_RUNPATH_SEARCH_PATHS = "$(inherited) @executable_path/Frameworks";
				PRODUCT_BUNDLE_IDENTIFIER = "Nolan-Gus.INC..math-Learn";
				PRODUCT_NAME = "$(TARGET_NAME)";
				SWIFT_VERSION = 3.0;
			};
			name = Release;
		};
		3F745B231F793F3A00C5441B /* Debug */ = {
			isa = XCBuildConfiguration;
			buildSettings = {
				ALWAYS_EMBED_SWIFT_STANDARD_LIBRARIES = YES;
				BUNDLE_LOADER = "$(TEST_HOST)";
				INFOPLIST_FILE = math.LearnTests/Info.plist;
				LD_RUNPATH_SEARCH_PATHS = "$(inherited) @executable_path/Frameworks @loader_path/Frameworks";
				PRODUCT_BUNDLE_IDENTIFIER = "Nolan-Gus.INC..math-LearnTests";
				PRODUCT_NAME = "$(TARGET_NAME)";
				SWIFT_VERSION = 3.0;
				TEST_HOST = "$(BUILT_PRODUCTS_DIR)/math.Learn.app/math.Learn";
			};
			name = Debug;
		};
		3F745B241F793F3A00C5441B /* Release */ = {
			isa = XCBuildConfiguration;
			buildSettings = {
				ALWAYS_EMBED_SWIFT_STANDARD_LIBRARIES = YES;
				BUNDLE_LOADER = "$(TEST_HOST)";
				INFOPLIST_FILE = math.LearnTests/Info.plist;
				LD_RUNPATH_SEARCH_PATHS = "$(inherited) @executable_path/Frameworks @loader_path/Frameworks";
				PRODUCT_BUNDLE_IDENTIFIER = "Nolan-Gus.INC..math-LearnTests";
				PRODUCT_NAME = "$(TARGET_NAME)";
				SWIFT_VERSION = 3.0;
				TEST_HOST = "$(BUILT_PRODUCTS_DIR)/math.Learn.app/math.Learn";
			};
			name = Release;
		};
		3F745B261F793F3A00C5441B /* Debug */ = {
			isa = XCBuildConfiguration;
			buildSettings = {
				ALWAYS_EMBED_SWIFT_STANDARD_LIBRARIES = YES;
				INFOPLIST_FILE = math.LearnUITests/Info.plist;
				LD_RUNPATH_SEARCH_PATHS = "$(inherited) @executable_path/Frameworks @loader_path/Frameworks";
				PRODUCT_BUNDLE_IDENTIFIER = "Nolan-Gus.INC..math-LearnUITests";
				PRODUCT_NAME = "$(TARGET_NAME)";
				SWIFT_VERSION = 3.0;
				TEST_TARGET_NAME = math.Learn;
			};
			name = Debug;
		};
		3F745B271F793F3A00C5441B /* Release */ = {
			isa = XCBuildConfiguration;
			buildSettings = {
				ALWAYS_EMBED_SWIFT_STANDARD_LIBRARIES = YES;
				INFOPLIST_FILE = math.LearnUITests/Info.plist;
				LD_RUNPATH_SEARCH_PATHS = "$(inherited) @executable_path/Frameworks @loader_path/Frameworks";
				PRODUCT_BUNDLE_IDENTIFIER = "Nolan-Gus.INC..math-LearnUITests";
				PRODUCT_NAME = "$(TARGET_NAME)";
				SWIFT_VERSION = 3.0;
				TEST_TARGET_NAME = math.Learn;
			};
			name = Release;
		};
/* End XCBuildConfiguration section */

/* Begin XCConfigurationList section */
		3F745AF21F793F3900C5441B /* Build configuration list for PBXProject "math.Learn" */ = {
			isa = XCConfigurationList;
			buildConfigurations = (
				3F745B1D1F793F3A00C5441B /* Debug */,
				3F745B1E1F793F3A00C5441B /* Release */,
			);
			defaultConfigurationIsVisible = 0;
			defaultConfigurationName = Release;
		};
		3F745B1F1F793F3A00C5441B /* Build configuration list for PBXNativeTarget "math.Learn" */ = {
			isa = XCConfigurationList;
			buildConfigurations = (
				3F745B201F793F3A00C5441B /* Debug */,
				3F745B211F793F3A00C5441B /* Release */,
			);
			defaultConfigurationIsVisible = 0;
			defaultConfigurationName = Release;
		};
		3F745B221F793F3A00C5441B /* Build configuration list for PBXNativeTarget "math.LearnTests" */ = {
			isa = XCConfigurationList;
			buildConfigurations = (
				3F745B231F793F3A00C5441B /* Debug */,
				3F745B241F793F3A00C5441B /* Release */,
			);
			defaultConfigurationIsVisible = 0;
			defaultConfigurationName = Release;
		};
		3F745B251F793F3A00C5441B /* Build configuration list for PBXNativeTarget "math.LearnUITests" */ = {
			isa = XCConfigurationList;
			buildConfigurations = (
				3F745B261F793F3A00C5441B /* Debug */,
				3F745B271F793F3A00C5441B /* Release */,
			);
			defaultConfigurationIsVisible = 0;
			defaultConfigurationName = Release;
		};
/* End XCConfigurationList section */
	};
	rootObject = 3F745AEF1F793F3900C5441B /* Project object */;
}
